
Microsoft Visual Studio Solution File, Format Version 12.00
# Visual Studio Version 16
VisualStudioVersion = 16.0.31424.327
MinimumVisualStudioVersion = 10.0.40219.1
Project("{FAE04EC0-301F-11D3-BF4B-00C04F79EFBC}") = "GenshinBlood", "GenshinBlood\GenshinBlood.csproj", "{ECC59F19-D13E-4187-92CF-A41E6BF07964}"
EndProject
Global
	GlobalSection(SolutionConfigurationPlatforms) = preSolution
		Debug|Any CPU = Debug|Any CPU
		Release|Any CPU = Release|Any CPU
	EndGlobalSection
	GlobalSection(ProjectConfigurationPlatforms) = postSolution
		{ECC59F19-D13E-4187-92CF-A41E6BF07964}.Debug|Any CPU.ActiveCfg = Debug|Any CPU
		{ECC59F19-D13E-4187-92CF-A41E6BF07964}.Debug|Any CPU.Build.0 = Debug|Any CPU
		{ECC59F19-D13E-4187-92CF-A41E6BF07964}.Release|Any CPU.ActiveCfg = Release|Any CPU
		{ECC59F19-D13E-4187-92CF-A41E6BF07964}.Release|Any CPU.Build.0 = Release|Any CPU
	EndGlobalSection
	GlobalSection(SolutionProperties) = preSolution
		HideSolutionNode = FALSE
	EndGlobalSection
	GlobalSection(ExtensibilityGlobals) = postSolution
		SolutionGuid = {5B537BA6-E342-40C7-840C-5FCFCF8AEAA9}
	EndGlobalSection
EndGlobal
